
Microsoft Visual Studio Solution File, Format Version 12.00
# Visual Studio 14
VisualStudioVersion = 14.0.25420.1
MinimumVisualStudioVersion = 10.0.40219.1
Project("{FAE04EC0-301F-11D3-BF4B-00C04F79EFBC}") = "Sesion20160822", "Sesion20160822\Sesion20160822.csproj", "{674090F4-41DE-449E-BEE3-2ACCE216F05D}"
EndProject
Project("{FAE04EC0-301F-11D3-BF4B-00C04F79EFBC}") = "EstructurasBasicas", "EstructurasBasicas\EstructurasBasicas.csproj", "{6C1DE299-D23D-4A34-928C-F630BE91FCC2}"
EndProject
Project("{FAE04EC0-301F-11D3-BF4B-00C04F79EFBC}") = "Exam Functions", "Exam Functions\Exam Functions\Exam Functions.csproj", "{0C0AFDF3-B92C-41FA-A848-ED801FFAB7B5}"
EndProject
Project("{8BC9CEB8-8B4A-11D0-8D11-00A0C91BC942}") = "IntroCPP", "IntroCPP\IntroCPP.vcxproj", "{22FE0E39-79F6-4F77-A888-0DAABA954BD9}"
EndProject
Project("{FAE04EC0-301F-11D3-BF4B-00C04F79EFBC}") = "Olimpiadas", "Olimpiadas\Olimpiadas.csproj", "{6F470044-48A8-4491-A84E-E8DB4CEF8BC4}"
EndProject
Project("{8BC9CEB8-8B4A-11D0-8D11-00A0C91BC942}") = "Cola++", "Cola++\Cola++\Cola++.vcxproj", "{364B7810-139E-4CC1-9D0D-38BFD73B6434}"
EndProject
Project("{FAE04EC0-301F-11D3-BF4B-00C04F79EFBC}") = "Funciones Recursivas 7 sep", "Funciones Recursivas 7 sep\Funciones Recursivas 7 sep\Funciones Recursivas 7 sep.csproj", "{71F70B5C-438C-47CF-950B-950CEB2EAD0C}"
EndProject
Project("{8BC9CEB8-8B4A-11D0-8D11-00A0C91BC942}") = "PointersExercises_September5th", "PointersExercises_September5th\PointersExercises_September5th.vcxproj", "{E10D7BC7-C3CA-48B8-B815-DA0188AC490E}"
EndProject
Project("{8BC9CEB8-8B4A-11D0-8D11-00A0C91BC942}") = "DoublyLinkedLists", "DoublyLinkedLists\DoublyLinkedLists.vcxproj", "{A674D5EE-3651-4AEA-B67E-A96AB6481843}"
EndProject
Project("{8BC9CEB8-8B4A-11D0-8D11-00A0C91BC942}") = "AlgebraicExpressions", "AlgebraicExpressions\AlgebraicExpressions.vcxproj", "{BCA83683-FDBA-40F2-8FC2-531F5C7B135F}"
EndProject
Global
	GlobalSection(SolutionConfigurationPlatforms) = preSolution
		Debug|Any CPU = Debug|Any CPU
		Debug|x64 = Debug|x64
		Debug|x86 = Debug|x86
		Release|Any CPU = Release|Any CPU
		Release|x64 = Release|x64
		Release|x86 = Release|x86
	EndGlobalSection
	GlobalSection(ProjectConfigurationPlatforms) = postSolution
		{674090F4-41DE-449E-BEE3-2ACCE216F05D}.Debug|Any CPU.ActiveCfg = Debug|Any CPU
		{674090F4-41DE-449E-BEE3-2ACCE216F05D}.Debug|Any CPU.Build.0 = Debug|Any CPU
		{674090F4-41DE-449E-BEE3-2ACCE216F05D}.Debug|x64.ActiveCfg = Debug|Any CPU
		{674090F4-41DE-449E-BEE3-2ACCE216F05D}.Debug|x64.Build.0 = Debug|Any CPU
		{674090F4-41DE-449E-BEE3-2ACCE216F05D}.Debug|x86.ActiveCfg = Debug|Any CPU
		{674090F4-41DE-449E-BEE3-2ACCE216F05D}.Debug|x86.Build.0 = Debug|Any CPU
		{674090F4-41DE-449E-BEE3-2ACCE216F05D}.Release|Any CPU.ActiveCfg = Release|Any CPU
		{674090F4-41DE-449E-BEE3-2ACCE216F05D}.Release|Any CPU.Build.0 = Release|Any CPU
		{674090F4-41DE-449E-BEE3-2ACCE216F05D}.Release|x64.ActiveCfg = Release|Any CPU
		{674090F4-41DE-449E-BEE3-2ACCE216F05D}.Release|x64.Build.0 = Release|Any CPU
		{674090F4-41DE-449E-BEE3-2ACCE216F05D}.Release|x86.ActiveCfg = Release|Any CPU
		{674090F4-41DE-449E-BEE3-2ACCE216F05D}.Release|x86.Build.0 = Release|Any CPU
		{6C1DE299-D23D-4A34-928C-F630BE91FCC2}.Debug|Any CPU.ActiveCfg = Debug|Any CPU
		{6C1DE299-D23D-4A34-928C-F630BE91FCC2}.Debug|Any CPU.Build.0 = Debug|Any CPU
		{6C1DE299-D23D-4A34-928C-F630BE91FCC2}.Debug|x64.ActiveCfg = Debug|Any CPU
		{6C1DE299-D23D-4A34-928C-F630BE91FCC2}.Debug|x64.Build.0 = Debug|Any CPU
		{6C1DE299-D23D-4A34-928C-F630BE91FCC2}.Debug|x86.ActiveCfg = Debug|Any CPU
		{6C1DE299-D23D-4A34-928C-F630BE91FCC2}.Debug|x86.Build.0 = Debug|Any CPU
		{6C1DE299-D23D-4A34-928C-F630BE91FCC2}.Release|Any CPU.ActiveCfg = Release|Any CPU
		{6C1DE299-D23D-4A34-928C-F630BE91FCC2}.Release|Any CPU.Build.0 = Release|Any CPU
		{6C1DE299-D23D-4A34-928C-F630BE91FCC2}.Release|x64.ActiveCfg = Release|Any CPU
		{6C1DE299-D23D-4A34-928C-F630BE91FCC2}.Release|x64.Build.0 = Release|Any CPU
		{6C1DE299-D23D-4A34-928C-F630BE91FCC2}.Release|x86.ActiveCfg = Release|Any CPU
		{6C1DE299-D23D-4A34-928C-F630BE91FCC2}.Release|x86.Build.0 = Release|Any CPU
		{0C0AFDF3-B92C-41FA-A848-ED801FFAB7B5}.Debug|Any CPU.ActiveCfg = Debug|Any CPU
		{0C0AFDF3-B92C-41FA-A848-ED801FFAB7B5}.Debug|Any CPU.Build.0 = Debug|Any CPU
		{0C0AFDF3-B92C-41FA-A848-ED801FFAB7B5}.Debug|x64.ActiveCfg = Debug|Any CPU
		{0C0AFDF3-B92C-41FA-A848-ED801FFAB7B5}.Debug|x64.Build.0 = Debug|Any CPU
		{0C0AFDF3-B92C-41FA-A848-ED801FFAB7B5}.Debug|x86.ActiveCfg = Debug|Any CPU
		{0C0AFDF3-B92C-41FA-A848-ED801FFAB7B5}.Debug|x86.Build.0 = Debug|Any CPU
		{0C0AFDF3-B92C-41FA-A848-ED801FFAB7B5}.Release|Any CPU.ActiveCfg = Release|Any CPU
		{0C0AFDF3-B92C-41FA-A848-ED801FFAB7B5}.Release|Any CPU.Build.0 = Release|Any CPU
		{0C0AFDF3-B92C-41FA-A848-ED801FFAB7B5}.Release|x64.ActiveCfg = Release|Any CPU
		{0C0AFDF3-B92C-41FA-A848-ED801FFAB7B5}.Release|x64.Build.0 = Release|Any CPU
		{0C0AFDF3-B92C-41FA-A848-ED801FFAB7B5}.Release|x86.ActiveCfg = Release|Any CPU
		{0C0AFDF3-B92C-41FA-A848-ED801FFAB7B5}.Release|x86.Build.0 = Release|Any CPU
		{22FE0E39-79F6-4F77-A888-0DAABA954BD9}.Debug|Any CPU.ActiveCfg = Debug|Win32
		{22FE0E39-79F6-4F77-A888-0DAABA954BD9}.Debug|x64.ActiveCfg = Debug|x64
		{22FE0E39-79F6-4F77-A888-0DAABA954BD9}.Debug|x64.Build.0 = Debug|x64
		{22FE0E39-79F6-4F77-A888-0DAABA954BD9}.Debug|x86.ActiveCfg = Debug|Win32
		{22FE0E39-79F6-4F77-A888-0DAABA954BD9}.Debug|x86.Build.0 = Debug|Win32
		{22FE0E39-79F6-4F77-A888-0DAABA954BD9}.Release|Any CPU.ActiveCfg = Release|Win32
		{22FE0E39-79F6-4F77-A888-0DAABA954BD9}.Release|x64.ActiveCfg = Release|x64
		{22FE0E39-79F6-4F77-A888-0DAABA954BD9}.Release|x64.Build.0 = Release|x64
		{22FE0E39-79F6-4F77-A888-0DAABA954BD9}.Release|x86.ActiveCfg = Release|Win32
		{22FE0E39-79F6-4F77-A888-0DAABA954BD9}.Release|x86.Build.0 = Release|Win32
		{6F470044-48A8-4491-A84E-E8DB4CEF8BC4}.Debug|Any CPU.ActiveCfg = Debug|Any CPU
		{6F470044-48A8-4491-A84E-E8DB4CEF8BC4}.Debug|Any CPU.Build.0 = Debug|Any CPU
		{6F470044-48A8-4491-A84E-E8DB4CEF8BC4}.Debug|x64.ActiveCfg = Debug|Any CPU
		{6F470044-48A8-4491-A84E-E8DB4CEF8BC4}.Debug|x64.Build.0 = Debug|Any CPU
		{6F470044-48A8-4491-A84E-E8DB4CEF8BC4}.Debug|x86.ActiveCfg = Debug|Any CPU
		{6F470044-48A8-4491-A84E-E8DB4CEF8BC4}.Debug|x86.Build.0 = Debug|Any CPU
		{6F470044-48A8-4491-A84E-E8DB4CEF8BC4}.Release|Any CPU.ActiveCfg = Release|Any CPU
		{6F470044-48A8-4491-A84E-E8DB4CEF8BC4}.Release|Any CPU.Build.0 = Release|Any CPU
		{6F470044-48A8-4491-A84E-E8DB4CEF8BC4}.Release|x64.ActiveCfg = Release|Any CPU
		{6F470044-48A8-4491-A84E-E8DB4CEF8BC4}.Release|x64.Build.0 = Release|Any CPU
		{6F470044-48A8-4491-A84E-E8DB4CEF8BC4}.Release|x86.ActiveCfg = Release|Any CPU
		{6F470044-48A8-4491-A84E-E8DB4CEF8BC4}.Release|x86.Build.0 = Release|Any CPU
		{364B7810-139E-4CC1-9D0D-38BFD73B6434}.Debug|Any CPU.ActiveCfg = Debug|Win32
		{364B7810-139E-4CC1-9D0D-38BFD73B6434}.Debug|x64.ActiveCfg = Debug|x64
		{364B7810-139E-4CC1-9D0D-38BFD73B6434}.Debug|x64.Build.0 = Debug|x64
		{364B7810-139E-4CC1-9D0D-38BFD73B6434}.Debug|x86.ActiveCfg = Debug|Win32
		{364B7810-139E-4CC1-9D0D-38BFD73B6434}.Debug|x86.Build.0 = Debug|Win32
		{364B7810-139E-4CC1-9D0D-38BFD73B6434}.Release|Any CPU.ActiveCfg = Release|Win32
		{364B7810-139E-4CC1-9D0D-38BFD73B6434}.Release|x64.ActiveCfg = Release|x64
		{364B7810-139E-4CC1-9D0D-38BFD73B6434}.Release|x64.Build.0 = Release|x64
		{364B7810-139E-4CC1-9D0D-38BFD73B6434}.Release|x86.ActiveCfg = Release|Win32
		{364B7810-139E-4CC1-9D0D-38BFD73B6434}.Release|x86.Build.0 = Release|Win32
		{71F70B5C-438C-47CF-950B-950CEB2EAD0C}.Debug|Any CPU.ActiveCfg = Debug|Any CPU
		{71F70B5C-438C-47CF-950B-950CEB2EAD0C}.Debug|Any CPU.Build.0 = Debug|Any CPU
		{71F70B5C-438C-47CF-950B-950CEB2EAD0C}.Debug|x64.ActiveCfg = Debug|Any CPU
		{71F70B5C-438C-47CF-950B-950CEB2EAD0C}.Debug|x64.Build.0 = Debug|Any CPU
		{71F70B5C-438C-47CF-950B-950CEB2EAD0C}.Debug|x86.ActiveCfg = Debug|Any CPU
		{71F70B5C-438C-47CF-950B-950CEB2EAD0C}.Debug|x86.Build.0 = Debug|Any CPU
		{71F70B5C-438C-47CF-950B-950CEB2EAD0C}.Release|Any CPU.ActiveCfg = Release|Any CPU
		{71F70B5C-438C-47CF-950B-950CEB2EAD0C}.Release|Any CPU.Build.0 = Release|Any CPU
		{71F70B5C-438C-47CF-950B-950CEB2EAD0C}.Release|x64.ActiveCfg = Release|Any CPU
		{71F70B5C-438C-47CF-950B-950CEB2EAD0C}.Release|x64.Build.0 = Release|Any CPU
		{71F70B5C-438C-47CF-950B-950CEB2EAD0C}.Release|x86.ActiveCfg = Release|Any CPU
		{71F70B5C-438C-47CF-950B-950CEB2EAD0C}.Release|x86.Build.0 = Release|Any CPU
		{E10D7BC7-C3CA-48B8-B815-DA0188AC490E}.Debug|Any CPU.ActiveCfg = Debug|Win32
		{E10D7BC7-C3CA-48B8-B815-DA0188AC490E}.Debug|x64.ActiveCfg = Debug|x64
		{E10D7BC7-C3CA-48B8-B815-DA0188AC490E}.Debug|x64.Build.0 = Debug|x64
		{E10D7BC7-C3CA-48B8-B815-DA0188AC490E}.Debug|x86.ActiveCfg = Debug|Win32
		{E10D7BC7-C3CA-48B8-B815-DA0188AC490E}.Debug|x86.Build.0 = Debug|Win32
		{E10D7BC7-C3CA-48B8-B815-DA0188AC490E}.Release|Any CPU.ActiveCfg = Release|Win32
		{E10D7BC7-C3CA-48B8-B815-DA0188AC490E}.Release|x64.ActiveCfg = Release|x64
		{E10D7BC7-C3CA-48B8-B815-DA0188AC490E}.Release|x64.Build.0 = Release|x64
		{E10D7BC7-C3CA-48B8-B815-DA0188AC490E}.Release|x86.ActiveCfg = Release|Win32
		{E10D7BC7-C3CA-48B8-B815-DA0188AC490E}.Release|x86.Build.0 = Release|Win32
		{A674D5EE-3651-4AEA-B67E-A96AB6481843}.Debug|Any CPU.ActiveCfg = Debug|Win32
		{A674D5EE-3651-4AEA-B67E-A96AB6481843}.Debug|x64.ActiveCfg = Debug|x64
		{A674D5EE-3651-4AEA-B67E-A96AB6481843}.Debug|x64.Build.0 = Debug|x64
		{A674D5EE-3651-4AEA-B67E-A96AB6481843}.Debug|x86.ActiveCfg = Debug|Win32
		{A674D5EE-3651-4AEA-B67E-A96AB6481843}.Debug|x86.Build.0 = Debug|Win32
		{A674D5EE-3651-4AEA-B67E-A96AB6481843}.Release|Any CPU.ActiveCfg = Release|Win32
		{A674D5EE-3651-4AEA-B67E-A96AB6481843}.Release|x64.ActiveCfg = Release|x64
		{A674D5EE-3651-4AEA-B67E-A96AB6481843}.Release|x64.Build.0 = Release|x64
		{A674D5EE-3651-4AEA-B67E-A96AB6481843}.Release|x86.ActiveCfg = Release|Win32
		{A674D5EE-3651-4AEA-B67E-A96AB6481843}.Release|x86.Build.0 = Release|Win32
		{BCA83683-FDBA-40F2-8FC2-531F5C7B135F}.Debug|Any CPU.ActiveCfg = Debug|Win32
		{BCA83683-FDBA-40F2-8FC2-531F5C7B135F}.Debug|x64.ActiveCfg = Debug|x64
		{BCA83683-FDBA-40F2-8FC2-531F5C7B135F}.Debug|x64.Build.0 = Debug|x64
		{BCA83683-FDBA-40F2-8FC2-531F5C7B135F}.Debug|x86.ActiveCfg = Debug|Win32
		{BCA83683-FDBA-40F2-8FC2-531F5C7B135F}.Debug|x86.Build.0 = Debug|Win32
		{BCA83683-FDBA-40F2-8FC2-531F5C7B135F}.Release|Any CPU.ActiveCfg = Release|Win32
		{BCA83683-FDBA-40F2-8FC2-531F5C7B135F}.Release|x64.ActiveCfg = Release|x64
		{BCA83683-FDBA-40F2-8FC2-531F5C7B135F}.Release|x64.Build.0 = Release|x64
		{BCA83683-FDBA-40F2-8FC2-531F5C7B135F}.Release|x86.ActiveCfg = Release|Win32
		{BCA83683-FDBA-40F2-8FC2-531F5C7B135F}.Release|x86.Build.0 = Release|Win32
	EndGlobalSection
	GlobalSection(SolutionProperties) = preSolution
		HideSolutionNode = FALSE
	EndGlobalSection
EndGlobal
